// !$*UTF8*$!
{
	archiveVersion = 1;
	classes = {
	};
	objectVersion = 51;
	objects = {

/* Begin PBXBuildFile section */
		1D162EC323010A0800820C60 /* GetCalendarDay.swift in Sources */ = {isa = PBXBuildFile; fileRef = 1D162EC223010A0800820C60 /* GetCalendarDay.swift */; };
		1D3D8845231428AB00E55DE5 /* ResetPasswordViewController.swift in Sources */ = {isa = PBXBuildFile; fileRef = 1D3D8844231428AB00E55DE5 /* ResetPasswordViewController.swift */; };
		1D57E025230AFAF200C4C9C6 /* AddPrayerViewController.swift in Sources */ = {isa = PBXBuildFile; fileRef = 1D57E024230AFAF200C4C9C6 /* AddPrayerViewController.swift */; };
		1D57E029230B7D4400C4C9C6 /* ModifyPrayerViewController.swift in Sources */ = {isa = PBXBuildFile; fileRef = 1D57E028230B7D4400C4C9C6 /* ModifyPrayerViewController.swift */; };
		1D583A74230D7087002E4B3F /* readme.txt in Resources */ = {isa = PBXBuildFile; fileRef = 1D583A73230D7087002E4B3F /* readme.txt */; };
		1D5B47B623020A1D00CA6CDB /* PrayerTableViewCell.swift in Sources */ = {isa = PBXBuildFile; fileRef = 1D5B47B523020A1D00CA6CDB /* PrayerTableViewCell.swift */; };
		1D5B47B8230213B100CA6CDB /* Alerts.swift in Sources */ = {isa = PBXBuildFile; fileRef = 1D5B47B7230213B100CA6CDB /* Alerts.swift */; };
		1D5B47BA230237BF00CA6CDB /* GoogleService-Info.plist in Resources */ = {isa = PBXBuildFile; fileRef = 1D5B47B9230237BF00CA6CDB /* GoogleService-Info.plist */; };
		1D7EA981230C7862003954CD /* SettingsViewController.swift in Sources */ = {isa = PBXBuildFile; fileRef = 1D7EA980230C7862003954CD /* SettingsViewController.swift */; };
		1D8D54242435587500AA6E08 /* DailyNotificationViewController.swift in Sources */ = {isa = PBXBuildFile; fileRef = 1D8D54232435587500AA6E08 /* DailyNotificationViewController.swift */; };
		1D96C196230EF7CE0047A9F0 /* ViewPrayerViewController.swift in Sources */ = {isa = PBXBuildFile; fileRef = 1D96C195230EF7CE0047A9F0 /* ViewPrayerViewController.swift */; };
		1D9E343B2301CAB100CE4ABF /* Menu.swift in Sources */ = {isa = PBXBuildFile; fileRef = 1D9E343A2301CAB000CE4ABF /* Menu.swift */; };
		1D9E343D2301CD6500CE4ABF /* PrayersViewController.swift in Sources */ = {isa = PBXBuildFile; fileRef = 1D9E343C2301CD6500CE4ABF /* PrayersViewController.swift */; };
		1DAE03AE23076D5A008F745E /* Prayer.swift in Sources */ = {isa = PBXBuildFile; fileRef = 1DAE03AD23076D5A008F745E /* Prayer.swift */; };
		1DB1084B22F7B88200DB4C26 /* AppDelegate.swift in Sources */ = {isa = PBXBuildFile; fileRef = 1DB1084A22F7B88200DB4C26 /* AppDelegate.swift */; };
		1DB1085022F7B88200DB4C26 /* Main.storyboard in Resources */ = {isa = PBXBuildFile; fileRef = 1DB1084E22F7B88200DB4C26 /* Main.storyboard */; };
		1DB1085322F7B88200DB4C26 /* myPrayers.xcdatamodeld in Sources */ = {isa = PBXBuildFile; fileRef = 1DB1085122F7B88200DB4C26 /* myPrayers.xcdatamodeld */; };
		1DB1085522F7B88300DB4C26 /* Assets.xcassets in Resources */ = {isa = PBXBuildFile; fileRef = 1DB1085422F7B88300DB4C26 /* Assets.xcassets */; };
		1DB1085822F7B88300DB4C26 /* LaunchScreen.storyboard in Resources */ = {isa = PBXBuildFile; fileRef = 1DB1085622F7B88300DB4C26 /* LaunchScreen.storyboard */; };
		1DB1086322F7B8F800DB4C26 /* Constants.swift in Sources */ = {isa = PBXBuildFile; fileRef = 1DB1086222F7B8F800DB4C26 /* Constants.swift */; };
		1DB1086522F7B95F00DB4C26 /* DataController.swift in Sources */ = {isa = PBXBuildFile; fileRef = 1DB1086422F7B95F00DB4C26 /* DataController.swift */; };
		1DB1086722F7B9BB00DB4C26 /* LoginViewController.swift in Sources */ = {isa = PBXBuildFile; fileRef = 1DB1086622F7B9BB00DB4C26 /* LoginViewController.swift */; };
		1DB1086922F7C9AD00DB4C26 /* Client.swift in Sources */ = {isa = PBXBuildFile; fileRef = 1DB1086822F7C9AD00DB4C26 /* Client.swift */; };
		1DB1086D22F7CE7500DB4C26 /* VOTDViewController.swift in Sources */ = {isa = PBXBuildFile; fileRef = 1DB1086C22F7CE7500DB4C26 /* VOTDViewController.swift */; };
		1DD79D742437C6CE003BFA20 /* CreateAccountViewController.swift in Sources */ = {isa = PBXBuildFile; fileRef = 1DD79D732437C6CE003BFA20 /* CreateAccountViewController.swift */; };
		E79D4EB15B1F6D5190DB2719 /* Pods_myPrayers.framework in Frameworks */ = {isa = PBXBuildFile; fileRef = 91A16520B69FCAC6167E1EDB /* Pods_myPrayers.framework */; };
/* End PBXBuildFile section */

/* Begin PBXFileReference section */
		1D162EC223010A0800820C60 /* GetCalendarDay.swift */ = {isa = PBXFileReference; lastKnownFileType = sourcecode.swift; path = GetCalendarDay.swift; sourceTree = "<group>"; };
		1D3D8844231428AB00E55DE5 /* ResetPasswordViewController.swift */ = {isa = PBXFileReference; lastKnownFileType = sourcecode.swift; path = ResetPasswordViewController.swift; sourceTree = "<group>"; };
		1D57E024230AFAF200C4C9C6 /* AddPrayerViewController.swift */ = {isa = PBXFileReference; lastKnownFileType = sourcecode.swift; path = AddPrayerViewController.swift; sourceTree = "<group>"; };
		1D57E028230B7D4400C4C9C6 /* ModifyPrayerViewController.swift */ = {isa = PBXFileReference; fileEncoding = 4; lastKnownFileType = sourcecode.swift; path = ModifyPrayerViewController.swift; sourceTree = "<group>"; };
		1D583A73230D7087002E4B3F /* readme.txt */ = {isa = PBXFileReference; lastKnownFileType = text; path = readme.txt; sourceTree = "<group>"; };
		1D5B47B523020A1D00CA6CDB /* PrayerTableViewCell.swift */ = {isa = PBXFileReference; lastKnownFileType = sourcecode.swift; path = PrayerTableViewCell.swift; sourceTree = "<group>"; };
		1D5B47B7230213B100CA6CDB /* Alerts.swift */ = {isa = PBXFileReference; lastKnownFileType = sourcecode.swift; path = Alerts.swift; sourceTree = "<group>"; };
		1D5B47B9230237BF00CA6CDB /* GoogleService-Info.plist */ = {isa = PBXFileReference; fileEncoding = 4; lastKnownFileType = text.plist.xml; path = "GoogleService-Info.plist"; sourceTree = "<group>"; };
		1D7EA980230C7862003954CD /* SettingsViewController.swift */ = {isa = PBXFileReference; lastKnownFileType = sourcecode.swift; path = SettingsViewController.swift; sourceTree = "<group>"; };
		1D855C84243650FC00A02391 /* myPrayers.entitlements */ = {isa = PBXFileReference; lastKnownFileType = text.plist.entitlements; path = myPrayers.entitlements; sourceTree = "<group>"; };
		1D8D54232435587500AA6E08 /* DailyNotificationViewController.swift */ = {isa = PBXFileReference; lastKnownFileType = sourcecode.swift; path = DailyNotificationViewController.swift; sourceTree = "<group>"; };
		1D96C195230EF7CE0047A9F0 /* ViewPrayerViewController.swift */ = {isa = PBXFileReference; lastKnownFileType = sourcecode.swift; path = ViewPrayerViewController.swift; sourceTree = "<group>"; };
		1D9E343A2301CAB000CE4ABF /* Menu.swift */ = {isa = PBXFileReference; lastKnownFileType = sourcecode.swift; path = Menu.swift; sourceTree = "<group>"; };
		1D9E343C2301CD6500CE4ABF /* PrayersViewController.swift */ = {isa = PBXFileReference; lastKnownFileType = sourcecode.swift; path = PrayersViewController.swift; sourceTree = "<group>"; };
		1DAE03AD23076D5A008F745E /* Prayer.swift */ = {isa = PBXFileReference; lastKnownFileType = sourcecode.swift; path = Prayer.swift; sourceTree = "<group>"; };
		1DB1084722F7B88200DB4C26 /* myPrayers.app */ = {isa = PBXFileReference; explicitFileType = wrapper.application; includeInIndex = 0; path = myPrayers.app; sourceTree = BUILT_PRODUCTS_DIR; };
		1DB1084A22F7B88200DB4C26 /* AppDelegate.swift */ = {isa = PBXFileReference; lastKnownFileType = sourcecode.swift; path = AppDelegate.swift; sourceTree = "<group>"; };
		1DB1084F22F7B88200DB4C26 /* Base */ = {isa = PBXFileReference; lastKnownFileType = file.storyboard; name = Base; path = Base.lproj/Main.storyboard; sourceTree = "<group>"; };
		1DB1085222F7B88200DB4C26 /* myPrayers.xcdatamodel */ = {isa = PBXFileReference; lastKnownFileType = wrapper.xcdatamodel; path = myPrayers.xcdatamodel; sourceTree = "<group>"; };
		1DB1085422F7B88300DB4C26 /* Assets.xcassets */ = {isa = PBXFileReference; lastKnownFileType = folder.assetcatalog; path = Assets.xcassets; sourceTree = "<group>"; };
		1DB1085722F7B88300DB4C26 /* Base */ = {isa = PBXFileReference; lastKnownFileType = file.storyboard; name = Base; path = Base.lproj/LaunchScreen.storyboard; sourceTree = "<group>"; };
		1DB1085922F7B88300DB4C26 /* Info.plist */ = {isa = PBXFileReference; lastKnownFileType = text.plist.xml; path = Info.plist; sourceTree = "<group>"; };
		1DB1086222F7B8F800DB4C26 /* Constants.swift */ = {isa = PBXFileReference; lastKnownFileType = sourcecode.swift; path = Constants.swift; sourceTree = "<group>"; };
		1DB1086422F7B95F00DB4C26 /* DataController.swift */ = {isa = PBXFileReference; lastKnownFileType = sourcecode.swift; path = DataController.swift; sourceTree = "<group>"; };
		1DB1086622F7B9BB00DB4C26 /* LoginViewController.swift */ = {isa = PBXFileReference; lastKnownFileType = sourcecode.swift; path = LoginViewController.swift; sourceTree = "<group>"; };
		1DB1086822F7C9AD00DB4C26 /* Client.swift */ = {isa = PBXFileReference; lastKnownFileType = sourcecode.swift; path = Client.swift; sourceTree = "<group>"; };
		1DB1086C22F7CE7500DB4C26 /* VOTDViewController.swift */ = {isa = PBXFileReference; lastKnownFileType = sourcecode.swift; path = VOTDViewController.swift; sourceTree = "<group>"; };
		1DD79D732437C6CE003BFA20 /* CreateAccountViewController.swift */ = {isa = PBXFileReference; lastKnownFileType = sourcecode.swift; path = CreateAccountViewController.swift; sourceTree = "<group>"; };
		91A16520B69FCAC6167E1EDB /* Pods_myPrayers.framework */ = {isa = PBXFileReference; explicitFileType = wrapper.framework; includeInIndex = 0; path = Pods_myPrayers.framework; sourceTree = BUILT_PRODUCTS_DIR; };
		B9181EEC1207538662B7745D /* Pods-myPrayers.release.xcconfig */ = {isa = PBXFileReference; includeInIndex = 1; lastKnownFileType = text.xcconfig; name = "Pods-myPrayers.release.xcconfig"; path = "Pods/Target Support Files/Pods-myPrayers/Pods-myPrayers.release.xcconfig"; sourceTree = "<group>"; };
		E1F76695AB63BF467DF650A4 /* Pods-myPrayers.debug.xcconfig */ = {isa = PBXFileReference; includeInIndex = 1; lastKnownFileType = text.xcconfig; name = "Pods-myPrayers.debug.xcconfig"; path = "Pods/Target Support Files/Pods-myPrayers/Pods-myPrayers.debug.xcconfig"; sourceTree = "<group>"; };
/* End PBXFileReference section */

/* Begin PBXFrameworksBuildPhase section */
		1DB1084422F7B88200DB4C26 /* Frameworks */ = {
			isa = PBXFrameworksBuildPhase;
			buildActionMask = 2147483647;
			files = (
				E79D4EB15B1F6D5190DB2719 /* Pods_myPrayers.framework in Frameworks */,
			);
			runOnlyForDeploymentPostprocessing = 0;
		};
/* End PBXFrameworksBuildPhase section */

/* Begin PBXGroup section */
		1DB1083E22F7B88200DB4C26 = {
			isa = PBXGroup;
			children = (
				1DB1084922F7B88200DB4C26 /* myPrayers */,
				1DB1084822F7B88200DB4C26 /* Products */,
				FFF2C1DC97234919BA633B18 /* Pods */,
				74A62AC42A71EE166C07FD09 /* Frameworks */,
			);
			sourceTree = "<group>";
		};
		1DB1084822F7B88200DB4C26 /* Products */ = {
			isa = PBXGroup;
			children = (
				1DB1084722F7B88200DB4C26 /* myPrayers.app */,
			);
			name = Products;
			sourceTree = "<group>";
		};
		1DB1084922F7B88200DB4C26 /* myPrayers */ = {
			isa = PBXGroup;
			children = (
				1D855C84243650FC00A02391 /* myPrayers.entitlements */,
				1DB1086122F7B8CB00DB4C26 /* Controller */,
				1DB1086022F7B8B700DB4C26 /* View */,
				1DB1085F22F7B8A400DB4C26 /* Model */,
				1DB1084A22F7B88200DB4C26 /* AppDelegate.swift */,
				1DB1084E22F7B88200DB4C26 /* Main.storyboard */,
				1DB1085422F7B88300DB4C26 /* Assets.xcassets */,
				1DB1085122F7B88200DB4C26 /* myPrayers.xcdatamodeld */,
				1DB1085622F7B88300DB4C26 /* LaunchScreen.storyboard */,
				1DB1085922F7B88300DB4C26 /* Info.plist */,
				1D5B47B9230237BF00CA6CDB /* GoogleService-Info.plist */,
				1D583A73230D7087002E4B3F /* readme.txt */,
			);
			path = myPrayers;
			sourceTree = "<group>";
		};
		1DB1085F22F7B8A400DB4C26 /* Model */ = {
			isa = PBXGroup;
			children = (
				1DB1086222F7B8F800DB4C26 /* Constants.swift */,
				1DB1086822F7C9AD00DB4C26 /* Client.swift */,
				1D162EC223010A0800820C60 /* GetCalendarDay.swift */,
				1D5B47B7230213B100CA6CDB /* Alerts.swift */,
				1DAE03AD23076D5A008F745E /* Prayer.swift */,
			);
			path = Model;
			sourceTree = "<group>";
		};
		1DB1086022F7B8B700DB4C26 /* View */ = {
			isa = PBXGroup;
			children = (
				1DD79D732437C6CE003BFA20 /* CreateAccountViewController.swift */,
				1D57E028230B7D4400C4C9C6 /* ModifyPrayerViewController.swift */,
				1DB1086622F7B9BB00DB4C26 /* LoginViewController.swift */,
				1DB1086C22F7CE7500DB4C26 /* VOTDViewController.swift */,
				1D9E343A2301CAB000CE4ABF /* Menu.swift */,
				1D9E343C2301CD6500CE4ABF /* PrayersViewController.swift */,
				1D5B47B523020A1D00CA6CDB /* PrayerTableViewCell.swift */,
				1D57E024230AFAF200C4C9C6 /* AddPrayerViewController.swift */,
				1D7EA980230C7862003954CD /* SettingsViewController.swift */,
				1D96C195230EF7CE0047A9F0 /* ViewPrayerViewController.swift */,
				1D3D8844231428AB00E55DE5 /* ResetPasswordViewController.swift */,
				1D8D54232435587500AA6E08 /* DailyNotificationViewController.swift */,
			);
			path = View;
			sourceTree = "<group>";
		};
		1DB1086122F7B8CB00DB4C26 /* Controller */ = {
			isa = PBXGroup;
			children = (
				1DB1086422F7B95F00DB4C26 /* DataController.swift */,
			);
			path = Controller;
			sourceTree = "<group>";
		};
		74A62AC42A71EE166C07FD09 /* Frameworks */ = {
			isa = PBXGroup;
			children = (
				91A16520B69FCAC6167E1EDB /* Pods_myPrayers.framework */,
			);
			name = Frameworks;
			sourceTree = "<group>";
		};
		FFF2C1DC97234919BA633B18 /* Pods */ = {
			isa = PBXGroup;
			children = (
				E1F76695AB63BF467DF650A4 /* Pods-myPrayers.debug.xcconfig */,
				B9181EEC1207538662B7745D /* Pods-myPrayers.release.xcconfig */,
			);
			name = Pods;
			sourceTree = "<group>";
		};
/* End PBXGroup section */

/* Begin PBXNativeTarget section */
		1DB1084622F7B88200DB4C26 /* myPrayers */ = {
			isa = PBXNativeTarget;
			buildConfigurationList = 1DB1085C22F7B88300DB4C26 /* Build configuration list for PBXNativeTarget "myPrayers" */;
			buildPhases = (
				B36016CB9F800A0E98546A45 /* [CP] Check Pods Manifest.lock */,
				1DB1084322F7B88200DB4C26 /* Sources */,
				1DB1084422F7B88200DB4C26 /* Frameworks */,
				1DB1084522F7B88200DB4C26 /* Resources */,
				FEDFE65A05A09FF2FDE7C93B /* [CP] Embed Pods Frameworks */,
			);
			buildRules = (
			);
			dependencies = (
			);
			name = myPrayers;
			productName = myPrayers;
			productReference = 1DB1084722F7B88200DB4C26 /* myPrayers.app */;
			productType = "com.apple.product-type.application";
		};
/* End PBXNativeTarget section */

/* Begin PBXProject section */
		1DB1083F22F7B88200DB4C26 /* Project object */ = {
			isa = PBXProject;
			attributes = {
				LastSwiftUpdateCheck = 1030;
				LastUpgradeCheck = 1030;
				ORGANIZATIONNAME = "Bill Clark";
				TargetAttributes = {
					1DB1084622F7B88200DB4C26 = {
						CreatedOnToolsVersion = 10.3;
					};
				};
			};
			buildConfigurationList = 1DB1084222F7B88200DB4C26 /* Build configuration list for PBXProject "myPrayers" */;
			compatibilityVersion = "Xcode 9.3";
			developmentRegion = en;
			hasScannedForEncodings = 0;
			knownRegions = (
				en,
				Base,
			);
			mainGroup = 1DB1083E22F7B88200DB4C26;
			productRefGroup = 1DB1084822F7B88200DB4C26 /* Products */;
			projectDirPath = "";
			projectRoot = "";
			targets = (
				1DB1084622F7B88200DB4C26 /* myPrayers */,
			);
		};
/* End PBXProject section */

/* Begin PBXResourcesBuildPhase section */
		1DB1084522F7B88200DB4C26 /* Resources */ = {
			isa = PBXResourcesBuildPhase;
			buildActionMask = 2147483647;
			files = (
				1D583A74230D7087002E4B3F /* readme.txt in Resources */,
				1DB1085822F7B88300DB4C26 /* LaunchScreen.storyboard in Resources */,
				1D5B47BA230237BF00CA6CDB /* GoogleService-Info.plist in Resources */,
				1DB1085522F7B88300DB4C26 /* Assets.xcassets in Resources */,
				1DB1085022F7B88200DB4C26 /* Main.storyboard in Resources */,
			);
			runOnlyForDeploymentPostprocessing = 0;
		};
/* End PBXResourcesBuildPhase section */

/* Begin PBXShellScriptBuildPhase section */
		B36016CB9F800A0E98546A45 /* [CP] Check Pods Manifest.lock */ = {
			isa = PBXShellScriptBuildPhase;
			buildActionMask = 2147483647;
			files = (
			);
			inputFileListPaths = (
			);
			inputPaths = (
				"${PODS_PODFILE_DIR_PATH}/Podfile.lock",
				"${PODS_ROOT}/Manifest.lock",
			);
			name = "[CP] Check Pods Manifest.lock";
			outputFileListPaths = (
			);
			outputPaths = (
				"$(DERIVED_FILE_DIR)/Pods-myPrayers-checkManifestLockResult.txt",
			);
			runOnlyForDeploymentPostprocessing = 0;
			shellPath = /bin/sh;
			shellScript = "diff \"${PODS_PODFILE_DIR_PATH}/Podfile.lock\" \"${PODS_ROOT}/Manifest.lock\" > /dev/null\nif [ $? != 0 ] ; then\n    # print error to STDERR\n    echo \"error: The sandbox is not in sync with the Podfile.lock. Run 'pod install' or update your CocoaPods installation.\" >&2\n    exit 1\nfi\n# This output is used by Xcode 'outputs' to avoid re-running this script phase.\necho \"SUCCESS\" > \"${SCRIPT_OUTPUT_FILE_0}\"\n";
			showEnvVarsInLog = 0;
		};
		FEDFE65A05A09FF2FDE7C93B /* [CP] Embed Pods Frameworks */ = {
			isa = PBXShellScriptBuildPhase;
			buildActionMask = 2147483647;
			files = (
			);
			inputFileListPaths = (
				"${PODS_ROOT}/Target Support Files/Pods-myPrayers/Pods-myPrayers-frameworks-${CONFIGURATION}-input-files.xcfilelist",
			);
			name = "[CP] Embed Pods Frameworks";
			outputFileListPaths = (
				"${PODS_ROOT}/Target Support Files/Pods-myPrayers/Pods-myPrayers-frameworks-${CONFIGURATION}-output-files.xcfilelist",
			);
			runOnlyForDeploymentPostprocessing = 0;
			shellPath = /bin/sh;
			shellScript = "\"${PODS_ROOT}/Target Support Files/Pods-myPrayers/Pods-myPrayers-frameworks.sh\"\n";
			showEnvVarsInLog = 0;
		};
/* End PBXShellScriptBuildPhase section */

/* Begin PBXSourcesBuildPhase section */
		1DB1084322F7B88200DB4C26 /* Sources */ = {
			isa = PBXSourcesBuildPhase;
			buildActionMask = 2147483647;
			files = (
				1DD79D742437C6CE003BFA20 /* CreateAccountViewController.swift in Sources */,
				1D5B47B623020A1D00CA6CDB /* PrayerTableViewCell.swift in Sources */,
				1D57E025230AFAF200C4C9C6 /* AddPrayerViewController.swift in Sources */,
				1D96C196230EF7CE0047A9F0 /* ViewPrayerViewController.swift in Sources */,
				1D57E029230B7D4400C4C9C6 /* ModifyPrayerViewController.swift in Sources */,
				1DB1086D22F7CE7500DB4C26 /* VOTDViewController.swift in Sources */,
				1DB1086522F7B95F00DB4C26 /* DataController.swift in Sources */,
				1DB1084B22F7B88200DB4C26 /* AppDelegate.swift in Sources */,
				1D9E343D2301CD6500CE4ABF /* PrayersViewController.swift in Sources */,
				1D7EA981230C7862003954CD /* SettingsViewController.swift in Sources */,
				1D3D8845231428AB00E55DE5 /* ResetPasswordViewController.swift in Sources */,
				1DB1086922F7C9AD00DB4C26 /* Client.swift in Sources */,
				1DB1085322F7B88200DB4C26 /* myPrayers.xcdatamodeld in Sources */,
				1D8D54242435587500AA6E08 /* DailyNotificationViewController.swift in Sources */,
				1DB1086722F7B9BB00DB4C26 /* LoginViewController.swift in Sources */,
				1DB1086322F7B8F800DB4C26 /* Constants.swift in Sources */,
				1DAE03AE23076D5A008F745E /* Prayer.swift in Sources */,
				1D162EC323010A0800820C60 /* GetCalendarDay.swift in Sources */,
				1D5B47B8230213B100CA6CDB /* Alerts.swift in Sources */,
				1D9E343B2301CAB100CE4ABF /* Menu.swift in Sources */,
			);
			runOnlyForDeploymentPostprocessing = 0;
		};
/* End PBXSourcesBuildPhase section */

/* Begin PBXVariantGroup section */
		1DB1084E22F7B88200DB4C26 /* Main.storyboard */ = {
			isa = PBXVariantGroup;
			children = (
				1DB1084F22F7B88200DB4C26 /* Base */,
			);
			name = Main.storyboard;
			sourceTree = "<group>";
		};
		1DB1085622F7B88300DB4C26 /* LaunchScreen.storyboard */ = {
			isa = PBXVariantGroup;
			children = (
				1DB1085722F7B88300DB4C26 /* Base */,
			);
			name = LaunchScreen.storyboard;
			sourceTree = "<group>";
		};
/* End PBXVariantGroup section */

/* Begin XCBuildConfiguration section */
		1DB1085A22F7B88300DB4C26 /* Debug */ = {
			isa = XCBuildConfiguration;
			buildSettings = {
				ALWAYS_SEARCH_USER_PATHS = NO;
				CLANG_ANALYZER_NONNULL = YES;
				CLANG_ANALYZER_NUMBER_OBJECT_CONVERSION = YES_AGGRESSIVE;
				CLANG_CXX_LANGUAGE_STANDARD = "gnu++14";
				CLANG_CXX_LIBRARY = "libc++";
				CLANG_ENABLE_MODULES = YES;
				CLANG_ENABLE_OBJC_ARC = YES;
				CLANG_ENABLE_OBJC_WEAK = YES;
				CLANG_WARN_BLOCK_CAPTURE_AUTORELEASING = YES;
				CLANG_WARN_BOOL_CONVERSION = YES;
				CLANG_WARN_COMMA = YES;
				CLANG_WARN_CONSTANT_CONVERSION = YES;
				CLANG_WARN_DEPRECATED_OBJC_IMPLEMENTATIONS = YES;
				CLANG_WARN_DIRECT_OBJC_ISA_USAGE = YES_ERROR;
				CLANG_WARN_DOCUMENTATION_COMMENTS = YES;
				CLANG_WARN_EMPTY_BODY = YES;
				CLANG_WARN_ENUM_CONVERSION = YES;
				CLANG_WARN_INFINITE_RECURSION = YES;
				CLANG_WARN_INT_CONVERSION = YES;
				CLANG_WARN_NON_LITERAL_NULL_CONVERSION = YES;
				CLANG_WARN_OBJC_IMPLICIT_RETAIN_SELF = YES;
				CLANG_WARN_OBJC_LITERAL_CONVERSION = YES;
				CLANG_WARN_OBJC_ROOT_CLASS = YES_ERROR;
				CLANG_WARN_RANGE_LOOP_ANALYSIS = YES;
				CLANG_WARN_STRICT_PROTOTYPES = YES;
				CLANG_WARN_SUSPICIOUS_MOVE = YES;
				CLANG_WARN_UNGUARDED_AVAILABILITY = YES_AGGRESSIVE;
				CLANG_WARN_UNREACHABLE_CODE = YES;
				CLANG_WARN__DUPLICATE_METHOD_MATCH = YES;
				CODE_SIGN_IDENTITY = "iPhone Developer";
				COPY_PHASE_STRIP = NO;
				DEBUG_INFORMATION_FORMAT = dwarf;
				ENABLE_STRICT_OBJC_MSGSEND = YES;
				ENABLE_TESTABILITY = YES;
				GCC_C_LANGUAGE_STANDARD = gnu11;
				GCC_DYNAMIC_NO_PIC = NO;
				GCC_NO_COMMON_BLOCKS = YES;
				GCC_OPTIMIZATION_LEVEL = 0;
				GCC_PREPROCESSOR_DEFINITIONS = (
					"DEBUG=1",
					"$(inherited)",
				);
				GCC_WARN_64_TO_32_BIT_CONVERSION = YES;
				GCC_WARN_ABOUT_RETURN_TYPE = YES_ERROR;
				GCC_WARN_UNDECLARED_SELECTOR = YES;
				GCC_WARN_UNINITIALIZED_AUTOS = YES_AGGRESSIVE;
				GCC_WARN_UNUSED_FUNCTION = YES;
				GCC_WARN_UNUSED_VARIABLE = YES;
				IPHONEOS_DEPLOYMENT_TARGET = 12.4;
				MTL_ENABLE_DEBUG_INFO = INCLUDE_SOURCE;
				MTL_FAST_MATH = YES;
				ONLY_ACTIVE_ARCH = YES;
				SDKROOT = iphoneos;
				SWIFT_ACTIVE_COMPILATION_CONDITIONS = DEBUG;
				SWIFT_OPTIMIZATION_LEVEL = "-Onone";
			};
			name = Debug;
		};
		1DB1085B22F7B88300DB4C26 /* Release */ = {
			isa = XCBuildConfiguration;
			buildSettings = {
				ALWAYS_SEARCH_USER_PATHS = NO;
				CLANG_ANALYZER_NONNULL = YES;
				CLANG_ANALYZER_NUMBER_OBJECT_CONVERSION = YES_AGGRESSIVE;
				CLANG_CXX_LANGUAGE_STANDARD = "gnu++14";
				CLANG_CXX_LIBRARY = "libc++";
				CLANG_ENABLE_MODULES = YES;
				CLANG_ENABLE_OBJC_ARC = YES;
				CLANG_ENABLE_OBJC_WEAK = YES;
				CLANG_WARN_BLOCK_CAPTURE_AUTORELEASING = YES;
				CLANG_WARN_BOOL_CONVERSION = YES;
				CLANG_WARN_COMMA = YES;
				CLANG_WARN_CONSTANT_CONVERSION = YES;
				CLANG_WARN_DEPRECATED_OBJC_IMPLEMENTATIONS = YES;
				CLANG_WARN_DIRECT_OBJC_ISA_USAGE = YES_ERROR;
				CLANG_WARN_DOCUMENTATION_COMMENTS = YES;
				CLANG_WARN_EMPTY_BODY = YES;
				CLANG_WARN_ENUM_CONVERSION = YES;
				CLANG_WARN_INFINITE_RECURSION = YES;
				CLANG_WARN_INT_CONVERSION = YES;
				CLANG_WARN_NON_LITERAL_NULL_CONVERSION = YES;
				CLANG_WARN_OBJC_IMPLICIT_RETAIN_SELF = YES;
				CLANG_WARN_OBJC_LITERAL_CONVERSION = YES;
				CLANG_WARN_OBJC_ROOT_CLASS = YES_ERROR;
				CLANG_WARN_RANGE_LOOP_ANALYSIS = YES;
				CLANG_WARN_STRICT_PROTOTYPES = YES;
				CLANG_WARN_SUSPICIOUS_MOVE = YES;
				CLANG_WARN_UNGUARDED_AVAILABILITY = YES_AGGRESSIVE;
				CLANG_WARN_UNREACHABLE_CODE = YES;
				CLANG_WARN__DUPLICATE_METHOD_MATCH = YES;
				CODE_SIGN_IDENTITY = "iPhone Developer";
				COPY_PHASE_STRIP = NO;
				DEBUG_INFORMATION_FORMAT = "dwarf-with-dsym";
				ENABLE_NS_ASSERTIONS = NO;
				ENABLE_STRICT_OBJC_MSGSEND = YES;
				GCC_C_LANGUAGE_STANDARD = gnu11;
				GCC_NO_COMMON_BLOCKS = YES;
				GCC_WARN_64_TO_32_BIT_CONVERSION = YES;
				GCC_WARN_ABOUT_RETURN_TYPE = YES_ERROR;
				GCC_WARN_UNDECLARED_SELECTOR = YES;
				GCC_WARN_UNINITIALIZED_AUTOS = YES_AGGRESSIVE;
				GCC_WARN_UNUSED_FUNCTION = YES;
				GCC_WARN_UNUSED_VARIABLE = YES;
				IPHONEOS_DEPLOYMENT_TARGET = 12.4;
				MTL_ENABLE_DEBUG_INFO = NO;
				MTL_FAST_MATH = YES;
				SDKROOT = iphoneos;
				SWIFT_COMPILATION_MODE = wholemodule;
				SWIFT_OPTIMIZATION_LEVEL = "-O";
				VALIDATE_PRODUCT = YES;
			};
			name = Release;
		};
		1DB1085D22F7B88300DB4C26 /* Debug */ = {
			isa = XCBuildConfiguration;
			baseConfigurationReference = E1F76695AB63BF467DF650A4 /* Pods-myPrayers.debug.xcconfig */;
			buildSettings = {
				ASSETCATALOG_COMPILER_APPICON_NAME = AppIcon;
				CODE_SIGN_ENTITLEMENTS = myPrayers/myPrayers.entitlements;
				CODE_SIGN_STYLE = Automatic;
				CURRENT_PROJECT_VERSION = 12;
				DEVELOPMENT_TEAM = 8Y3E4QY6HH;
				INFOPLIST_FILE = myPrayers/Info.plist;
				LD_RUNPATH_SEARCH_PATHS = (
					"$(inherited)",
					"@executable_path/Frameworks",
				);
				PRODUCT_BUNDLE_IDENTIFIER = com.billclark.myPrayers;
				PRODUCT_NAME = "$(TARGET_NAME)";
				SWIFT_VERSION = 5.0;
				TARGETED_DEVICE_FAMILY = 1;
			};
			name = Debug;
		};
		1DB1085E22F7B88300DB4C26 /* Release */ = {
			isa = XCBuildConfiguration;
			baseConfigurationReference = B9181EEC1207538662B7745D /* Pods-myPrayers.release.xcconfig */;
			buildSettings = {
				ASSETCATALOG_COMPILER_APPICON_NAME = AppIcon;
				CODE_SIGN_ENTITLEMENTS = myPrayers/myPrayers.entitlements;
				CODE_SIGN_STYLE = Automatic;
				CURRENT_PROJECT_VERSION = 12;
				DEVELOPMENT_TEAM = 8Y3E4QY6HH;
				INFOPLIST_FILE = myPrayers/Info.plist;
				LD_RUNPATH_SEARCH_PATHS = (
					"$(inherited)",
					"@executable_path/Frameworks",
				);
				PRODUCT_BUNDLE_IDENTIFIER = com.billclark.myPrayers;
				PRODUCT_NAME = "$(TARGET_NAME)";
				SWIFT_VERSION = 5.0;
				TARGETED_DEVICE_FAMILY = 1;
			};
			name = Release;
		};
/* End XCBuildConfiguration section */

/* Begin XCConfigurationList section */
		1DB1084222F7B88200DB4C26 /* Build configuration list for PBXProject "myPrayers" */ = {
			isa = XCConfigurationList;
			buildConfigurations = (
				1DB1085A22F7B88300DB4C26 /* Debug */,
				1DB1085B22F7B88300DB4C26 /* Release */,
			);
			defaultConfigurationIsVisible = 0;
			defaultConfigurationName = Release;
		};
		1DB1085C22F7B88300DB4C26 /* Build configuration list for PBXNativeTarget "myPrayers" */ = {
			isa = XCConfigurationList;
			buildConfigurations = (
				1DB1085D22F7B88300DB4C26 /* Debug */,
				1DB1085E22F7B88300DB4C26 /* Release */,
			);
			defaultConfigurationIsVisible = 0;
			defaultConfigurationName = Release;
		};
/* End XCConfigurationList section */

/* Begin XCVersionGroup section */
		1DB1085122F7B88200DB4C26 /* myPrayers.xcdatamodeld */ = {
			isa = XCVersionGroup;
			children = (
				1DB1085222F7B88200DB4C26 /* myPrayers.xcdatamodel */,
			);
			currentVersion = 1DB1085222F7B88200DB4C26 /* myPrayers.xcdatamodel */;
			path = myPrayers.xcdatamodeld;
			sourceTree = "<group>";
			versionGroupType = wrapper.xcdatamodel;
		};
/* End XCVersionGroup section */
	};
	rootObject = 1DB1083F22F7B88200DB4C26 /* Project object */;
}
